
Microsoft Visual Studio Solution File, Format Version 12.00
# Visual Studio Version 17
VisualStudioVersion = 17.14.36811.4 d17.14
MinimumVisualStudioVersion = 10.0.40219.1
Project("{FAE04EC0-301F-11D3-BF4B-00C04F79EFBC}") = "CNPM_DeMo", "CNPM_DeMo.csproj", "{0BAB6FCD-4693-483C-AFF1-5C7DDE9F0899}"
EndProject
Global
	GlobalSection(SolutionConfigurationPlatforms) = preSolution
		Debug|Any CPU = Debug|Any CPU
		Release|Any CPU = Release|Any CPU
	EndGlobalSection
	GlobalSection(ProjectConfigurationPlatforms) = postSolution
		{0BAB6FCD-4693-483C-AFF1-5C7DDE9F0899}.Debug|Any CPU.ActiveCfg = Debug|Any CPU
		{0BAB6FCD-4693-483C-AFF1-5C7DDE9F0899}.Debug|Any CPU.Build.0 = Debug|Any CPU
		{0BAB6FCD-4693-483C-AFF1-5C7DDE9F0899}.Release|Any CPU.ActiveCfg = Release|Any CPU
		{0BAB6FCD-4693-483C-AFF1-5C7DDE9F0899}.Release|Any CPU.Build.0 = Release|Any CPU
	EndGlobalSection
	GlobalSection(SolutionProperties) = preSolution
		HideSolutionNode = FALSE
	EndGlobalSection
	GlobalSection(ExtensibilityGlobals) = postSolution
		SolutionGuid = {B20B5B41-5153-4D07-B76E-97738B8FB2A6}
	EndGlobalSection
EndGlobal
